
Microsoft Visual Studio Solution File, Format Version 12.00
# Visual Studio Version 16
VisualStudioVersion = 16.0.32228.343
MinimumVisualStudioVersion = 10.0.40219.1
Project("{FAE04EC0-301F-11D3-BF4B-00C04F79EFBC}") = "DOTNET_FORM", "DOTNET_FORM.csproj", "{B178924D-AACB-493F-9E2A-9E2C14DA018F}"
EndProject
Global
	GlobalSection(SolutionConfigurationPlatforms) = preSolution
		Debug|Any CPU = Debug|Any CPU
		Release|Any CPU = Release|Any CPU
	EndGlobalSection
	GlobalSection(ProjectConfigurationPlatforms) = postSolution
		{B178924D-AACB-493F-9E2A-9E2C14DA018F}.Debug|Any CPU.ActiveCfg = Debug|Any CPU
		{B178924D-AACB-493F-9E2A-9E2C14DA018F}.Debug|Any CPU.Build.0 = Debug|Any CPU
		{B178924D-AACB-493F-9E2A-9E2C14DA018F}.Release|Any CPU.ActiveCfg = Release|Any CPU
		{B178924D-AACB-493F-9E2A-9E2C14DA018F}.Release|Any CPU.Build.0 = Release|Any CPU
	EndGlobalSection
	GlobalSection(SolutionProperties) = preSolution
		HideSolutionNode = FALSE
	EndGlobalSection
	GlobalSection(ExtensibilityGlobals) = postSolution
		SolutionGuid = {A5123869-2B53-4D78-B3EE-22ACCA925333}
	EndGlobalSection
EndGlobal
